
Microsoft Visual Studio Solution File, Format Version 12.00
# Visual Studio Express 2012 for Windows Phone
Project("{FAE04EC0-301F-11D3-BF4B-00C04F79EFBC}") = "ScoreKeeper", "ScoreKeeper\ScoreKeeper.csproj", "{755990F0-F8B8-4C5A-91E1-DA1B47FC3127}"
EndProject
Project("{FAE04EC0-301F-11D3-BF4B-00C04F79EFBC}") = "ScorekeeperTest", "ScorekeeperTest\ScorekeeperTest.csproj", "{59F5E61D-F729-4595-A129-654935183E91}"
EndProject
Global
	GlobalSection(SolutionConfigurationPlatforms) = preSolution
		Debug|Any CPU = Debug|Any CPU
		Debug|ARM = Debug|ARM
		Debug|Mixed Platforms = Debug|Mixed Platforms
		Debug|x86 = Debug|x86
		Release|Any CPU = Release|Any CPU
		Release|ARM = Release|ARM
		Release|Mixed Platforms = Release|Mixed Platforms
		Release|x86 = Release|x86
	EndGlobalSection
	GlobalSection(ProjectConfigurationPlatforms) = postSolution
		{755990F0-F8B8-4C5A-91E1-DA1B47FC3127}.Debug|Any CPU.ActiveCfg = Debug|Any CPU
		{755990F0-F8B8-4C5A-91E1-DA1B47FC3127}.Debug|Any CPU.Build.0 = Debug|Any CPU
		{755990F0-F8B8-4C5A-91E1-DA1B47FC3127}.Debug|Any CPU.Deploy.0 = Debug|Any CPU
		{755990F0-F8B8-4C5A-91E1-DA1B47FC3127}.Debug|ARM.ActiveCfg = Debug|ARM
		{755990F0-F8B8-4C5A-91E1-DA1B47FC3127}.Debug|ARM.Build.0 = Debug|ARM
		{755990F0-F8B8-4C5A-91E1-DA1B47FC3127}.Debug|ARM.Deploy.0 = Debug|ARM
		{755990F0-F8B8-4C5A-91E1-DA1B47FC3127}.Debug|Mixed Platforms.ActiveCfg = Debug|x86
		{755990F0-F8B8-4C5A-91E1-DA1B47FC3127}.Debug|Mixed Platforms.Build.0 = Debug|x86
		{755990F0-F8B8-4C5A-91E1-DA1B47FC3127}.Debug|Mixed Platforms.Deploy.0 = Debug|x86
		{755990F0-F8B8-4C5A-91E1-DA1B47FC3127}.Debug|x86.ActiveCfg = Debug|x86
		{755990F0-F8B8-4C5A-91E1-DA1B47FC3127}.Debug|x86.Build.0 = Debug|x86
		{755990F0-F8B8-4C5A-91E1-DA1B47FC3127}.Debug|x86.Deploy.0 = Debug|x86
		{755990F0-F8B8-4C5A-91E1-DA1B47FC3127}.Release|Any CPU.ActiveCfg = Release|Any CPU
		{755990F0-F8B8-4C5A-91E1-DA1B47FC3127}.Release|Any CPU.Build.0 = Release|Any CPU
		{755990F0-F8B8-4C5A-91E1-DA1B47FC3127}.Release|Any CPU.Deploy.0 = Release|Any CPU
		{755990F0-F8B8-4C5A-91E1-DA1B47FC3127}.Release|ARM.ActiveCfg = Release|ARM
		{755990F0-F8B8-4C5A-91E1-DA1B47FC3127}.Release|ARM.Build.0 = Release|ARM
		{755990F0-F8B8-4C5A-91E1-DA1B47FC3127}.Release|ARM.Deploy.0 = Release|ARM
		{755990F0-F8B8-4C5A-91E1-DA1B47FC3127}.Release|Mixed Platforms.ActiveCfg = Release|x86
		{755990F0-F8B8-4C5A-91E1-DA1B47FC3127}.Release|Mixed Platforms.Build.0 = Release|x86
		{755990F0-F8B8-4C5A-91E1-DA1B47FC3127}.Release|Mixed Platforms.Deploy.0 = Release|x86
		{755990F0-F8B8-4C5A-91E1-DA1B47FC3127}.Release|x86.ActiveCfg = Release|x86
		{755990F0-F8B8-4C5A-91E1-DA1B47FC3127}.Release|x86.Build.0 = Release|x86
		{755990F0-F8B8-4C5A-91E1-DA1B47FC3127}.Release|x86.Deploy.0 = Release|x86
		{59F5E61D-F729-4595-A129-654935183E91}.Debug|Any CPU.ActiveCfg = Debug|x86
		{59F5E61D-F729-4595-A129-654935183E91}.Debug|ARM.ActiveCfg = Debug|ARM
		{59F5E61D-F729-4595-A129-654935183E91}.Debug|ARM.Build.0 = Debug|ARM
		{59F5E61D-F729-4595-A129-654935183E91}.Debug|ARM.Deploy.0 = Debug|ARM
		{59F5E61D-F729-4595-A129-654935183E91}.Debug|Mixed Platforms.ActiveCfg = Debug|x86
		{59F5E61D-F729-4595-A129-654935183E91}.Debug|Mixed Platforms.Build.0 = Debug|x86
		{59F5E61D-F729-4595-A129-654935183E91}.Debug|Mixed Platforms.Deploy.0 = Debug|x86
		{59F5E61D-F729-4595-A129-654935183E91}.Debug|x86.ActiveCfg = Debug|x86
		{59F5E61D-F729-4595-A129-654935183E91}.Debug|x86.Build.0 = Debug|x86
		{59F5E61D-F729-4595-A129-654935183E91}.Debug|x86.Deploy.0 = Debug|x86
		{59F5E61D-F729-4595-A129-654935183E91}.Release|Any CPU.ActiveCfg = Release|x86
		{59F5E61D-F729-4595-A129-654935183E91}.Release|ARM.ActiveCfg = Release|ARM
		{59F5E61D-F729-4595-A129-654935183E91}.Release|ARM.Build.0 = Release|ARM
		{59F5E61D-F729-4595-A129-654935183E91}.Release|ARM.Deploy.0 = Release|ARM
		{59F5E61D-F729-4595-A129-654935183E91}.Release|Mixed Platforms.ActiveCfg = Release|x86
		{59F5E61D-F729-4595-A129-654935183E91}.Release|Mixed Platforms.Build.0 = Release|x86
		{59F5E61D-F729-4595-A129-654935183E91}.Release|Mixed Platforms.Deploy.0 = Release|x86
		{59F5E61D-F729-4595-A129-654935183E91}.Release|x86.ActiveCfg = Release|x86
		{59F5E61D-F729-4595-A129-654935183E91}.Release|x86.Build.0 = Release|x86
		{59F5E61D-F729-4595-A129-654935183E91}.Release|x86.Deploy.0 = Release|x86
	EndGlobalSection
	GlobalSection(SolutionProperties) = preSolution
		HideSolutionNode = FALSE
	EndGlobalSection
EndGlobal
